{
  "name": ".opencode",
  "lockfileVersion": 3,
  "requires": true,
  "packages": {
    "": {
      "dependencies": {
        "@opencode-ai/plugin": "1.2.25",
        "sjz-opencode-sdk": "^1.2.246"
      }
    },
    "node_modules/@opencode-ai/plugin": {
      "version": "1.2.25",
      "license": "MIT",
      "dependencies": {
        "@opencode-ai/sdk": "1.2.25",
        "zod": "4.1.8"
      }
    },
    "node_modules/@opencode-ai/sdk": {
      "version": "1.2.25",
      "license": "MIT"
    },
    "node_modules/sjz-opencode-sdk": {
      "version": "1.2.246",
      "resolved": "https://registry.npmjs.org/sjz-opencode-sdk/-/sjz-opencode-sdk-1.2.246.tgz",
      "integrity": "sha512-52SU6QqkDeaeZOjNEAFOq+tBLXD92g4IbIcI5hskK0Qrro8FLyUjoDMASb3rac8UbG6zMctqUcyXNufO6YdIrg==",
      "license": "MIT",
      "dependencies": {
        "@opencode-ai/sdk": "1.2.24",
        "zod": "4.1.8"
      }
    },
    "node_modules/sjz-opencode-sdk/node_modules/@opencode-ai/sdk": {
      "version": "1.2.24",
      "license": "MIT"
    },
    "node_modules/zod": {
      "version": "4.1.8",
      "license": "MIT",
      "funding": {
        "url": "https://github.com/sponsors/colinhacks"
      }
    }
  }
}
