{
  "name": ".opencode",
  "lockfileVersion": 3,
  "requires": true,
  "packages": {
    "": {
      "dependencies": {
        "@opencode-ai/plugin": "*",
        "sjz-opencode-sdk": "^1.2.271"
      }
    },
    "node_modules/@opencode-ai/plugin": {
      "version": "1.2.25",
      "license": "MIT",
      "dependencies": {
        "@opencode-ai/sdk": "1.2.25",
        "zod": "4.1.8"
      }
    },
    "node_modules/@opencode-ai/sdk": {
      "version": "1.2.25",
      "license": "MIT"
    },
    "node_modules/sjz-opencode-sdk": {
      "version": "1.2.271",
      "resolved": "https://registry.npmjs.org/sjz-opencode-sdk/-/sjz-opencode-sdk-1.2.271.tgz",
      "integrity": "sha512-3xn5TF3MPmTryKkQ02obgde81/uXtrwKl2h6JSZJRbUY0V4ge7m9POT8lT8sulL4iwCzUrzCM1IAJtf/JkTHMw==",
      "license": "MIT",
      "dependencies": {
        "@opencode-ai/sdk": "1.2.27",
        "zod": "4.1.8"
      }
    },
    "node_modules/sjz-opencode-sdk/node_modules/@opencode-ai/sdk": {
      "version": "1.2.27",
      "resolved": "https://registry.npmjs.org/@opencode-ai/sdk/-/sdk-1.2.27.tgz",
      "integrity": "sha512-Wk0o/I+Fo+wE3zgvlJDs8Fb67KlKqX0PrV8dK5adSDkANq6r4Z25zXJg2iOir+a8ntg3rAcpel1OY4FV/TwRUA==",
      "license": "MIT"
    },
    "node_modules/zod": {
      "version": "4.1.8",
      "license": "MIT",
      "funding": {
        "url": "https://github.com/sponsors/colinhacks"
      }
    }
  }
}
